
Microsoft Visual Studio Solution File, Format Version 12.00
# Visual Studio Version 16
VisualStudioVersion = 16.0.31729.503
MinimumVisualStudioVersion = 10.0.40219.1
Project("{FAE04EC0-301F-11D3-BF4B-00C04F79EFBC}") = "Lesson4", "Lesson4\Lesson4.csproj", "{83188A31-275B-42C0-B061-B487F2B27A6C}"
EndProject
Global
	GlobalSection(SolutionConfigurationPlatforms) = preSolution
		Debug|Any CPU = Debug|Any CPU
		Release|Any CPU = Release|Any CPU
	EndGlobalSection
	GlobalSection(ProjectConfigurationPlatforms) = postSolution
		{83188A31-275B-42C0-B061-B487F2B27A6C}.Debug|Any CPU.ActiveCfg = Debug|Any CPU
		{83188A31-275B-42C0-B061-B487F2B27A6C}.Debug|Any CPU.Build.0 = Debug|Any CPU
		{83188A31-275B-42C0-B061-B487F2B27A6C}.Release|Any CPU.ActiveCfg = Release|Any CPU
		{83188A31-275B-42C0-B061-B487F2B27A6C}.Release|Any CPU.Build.0 = Release|Any CPU
	EndGlobalSection
	GlobalSection(SolutionProperties) = preSolution
		HideSolutionNode = FALSE
	EndGlobalSection
	GlobalSection(ExtensibilityGlobals) = postSolution
		SolutionGuid = {397F8CFF-A1B9-47EB-8B6B-A24DE8B806C0}
	EndGlobalSection
EndGlobal
